// !$*UTF8*$!
{
	archiveVersion = 1;
	classes = {
	};
	objectVersion = 51;
	objects = {

/* Begin PBXBuildFile section */
		7729A2F824F354C600388FEE /* AppDelegate.swift in Sources */ = {isa = PBXBuildFile; fileRef = 7729A2F724F354C600388FEE /* AppDelegate.swift */; };
		7729A2FC24F354C600388FEE /* ViewController.swift in Sources */ = {isa = PBXBuildFile; fileRef = 7729A2FB24F354C600388FEE /* ViewController.swift */; };
		7729A2FF24F354C600388FEE /* Main.storyboard in Resources */ = {isa = PBXBuildFile; fileRef = 7729A2FD24F354C600388FEE /* Main.storyboard */; };
		7729A30124F354C700388FEE /* Assets.xcassets in Resources */ = {isa = PBXBuildFile; fileRef = 7729A30024F354C700388FEE /* Assets.xcassets */; };
		7729A30424F354C700388FEE /* LaunchScreen.storyboard in Resources */ = {isa = PBXBuildFile; fileRef = 7729A30224F354C700388FEE /* LaunchScreen.storyboard */; };
		7729A30E24F3564800388FEE /* DAO.swift in Sources */ = {isa = PBXBuildFile; fileRef = 7729A30D24F3564800388FEE /* DAO.swift */; };
		AB3B5C72A026B258BDD8D3D0 /* Pods_DAO_Demo.framework in Frameworks */ = {isa = PBXBuildFile; fileRef = 0C28F33ED4FB2AD42468ABD4 /* Pods_DAO_Demo.framework */; };
/* End PBXBuildFile section */

/* Begin PBXFileReference section */
		0C28F33ED4FB2AD42468ABD4 /* Pods_DAO_Demo.framework */ = {isa = PBXFileReference; explicitFileType = wrapper.framework; includeInIndex = 0; path = Pods_DAO_Demo.framework; sourceTree = BUILT_PRODUCTS_DIR; };
		1B0BE29AE1599305377EEA05 /* Pods-DAO Demo.release.xcconfig */ = {isa = PBXFileReference; includeInIndex = 1; lastKnownFileType = text.xcconfig; name = "Pods-DAO Demo.release.xcconfig"; path = "Target Support Files/Pods-DAO Demo/Pods-DAO Demo.release.xcconfig"; sourceTree = "<group>"; };
		7729A2F424F354C600388FEE /* DAO Demo.app */ = {isa = PBXFileReference; explicitFileType = wrapper.application; includeInIndex = 0; path = "DAO Demo.app"; sourceTree = BUILT_PRODUCTS_DIR; };
		7729A2F724F354C600388FEE /* AppDelegate.swift */ = {isa = PBXFileReference; lastKnownFileType = sourcecode.swift; path = AppDelegate.swift; sourceTree = "<group>"; };
		7729A2FB24F354C600388FEE /* ViewController.swift */ = {isa = PBXFileReference; lastKnownFileType = sourcecode.swift; path = ViewController.swift; sourceTree = "<group>"; };
		7729A2FE24F354C600388FEE /* Base */ = {isa = PBXFileReference; lastKnownFileType = file.storyboard; name = Base; path = Base.lproj/Main.storyboard; sourceTree = "<group>"; };
		7729A30024F354C700388FEE /* Assets.xcassets */ = {isa = PBXFileReference; lastKnownFileType = folder.assetcatalog; path = Assets.xcassets; sourceTree = "<group>"; };
		7729A30324F354C700388FEE /* Base */ = {isa = PBXFileReference; lastKnownFileType = file.storyboard; name = Base; path = Base.lproj/LaunchScreen.storyboard; sourceTree = "<group>"; };
		7729A30524F354C700388FEE /* Info.plist */ = {isa = PBXFileReference; lastKnownFileType = text.plist.xml; path = Info.plist; sourceTree = "<group>"; };
		7729A30D24F3564800388FEE /* DAO.swift */ = {isa = PBXFileReference; fileEncoding = 4; lastKnownFileType = sourcecode.swift; name = DAO.swift; path = Source/DAO.swift; sourceTree = SOURCE_ROOT; };
		91BF88C55A4C7B03BF501F7E /* Pods-DAO Demo.debug.xcconfig */ = {isa = PBXFileReference; includeInIndex = 1; lastKnownFileType = text.xcconfig; name = "Pods-DAO Demo.debug.xcconfig"; path = "Target Support Files/Pods-DAO Demo/Pods-DAO Demo.debug.xcconfig"; sourceTree = "<group>"; };
/* End PBXFileReference section */

/* Begin PBXFrameworksBuildPhase section */
		7729A2F124F354C600388FEE /* Frameworks */ = {
			isa = PBXFrameworksBuildPhase;
			buildActionMask = 2147483647;
			files = (
				AB3B5C72A026B258BDD8D3D0 /* Pods_DAO_Demo.framework in Frameworks */,
			);
			runOnlyForDeploymentPostprocessing = 0;
		};
/* End PBXFrameworksBuildPhase section */

/* Begin PBXGroup section */
		5EF991469C60D368DA9190F5 /* Pods */ = {
			isa = PBXGroup;
			children = (
				91BF88C55A4C7B03BF501F7E /* Pods-DAO Demo.debug.xcconfig */,
				1B0BE29AE1599305377EEA05 /* Pods-DAO Demo.release.xcconfig */,
			);
			path = Pods;
			sourceTree = "<group>";
		};
		7729A2EB24F354C600388FEE = {
			isa = PBXGroup;
			children = (
				7729A2F624F354C600388FEE /* DAO Demo */,
				7729A2F524F354C600388FEE /* Products */,
				5EF991469C60D368DA9190F5 /* Pods */,
				CB125A50A2E4D16EAE65F194 /* Frameworks */,
			);
			sourceTree = "<group>";
		};
		7729A2F524F354C600388FEE /* Products */ = {
			isa = PBXGroup;
			children = (
				7729A2F424F354C600388FEE /* DAO Demo.app */,
			);
			name = Products;
			sourceTree = "<group>";
		};
		7729A2F624F354C600388FEE /* DAO Demo */ = {
			isa = PBXGroup;
			children = (
				7729A2F724F354C600388FEE /* AppDelegate.swift */,
				7729A2FB24F354C600388FEE /* ViewController.swift */,
				7729A2FD24F354C600388FEE /* Main.storyboard */,
				7729A30024F354C700388FEE /* Assets.xcassets */,
				7729A30224F354C700388FEE /* LaunchScreen.storyboard */,
				7729A30524F354C700388FEE /* Info.plist */,
				7729A30D24F3564800388FEE /* DAO.swift */,
			);
			path = "DAO Demo";
			sourceTree = "<group>";
		};
		CB125A50A2E4D16EAE65F194 /* Frameworks */ = {
			isa = PBXGroup;
			children = (
				0C28F33ED4FB2AD42468ABD4 /* Pods_DAO_Demo.framework */,
			);
			name = Frameworks;
			sourceTree = "<group>";
		};
/* End PBXGroup section */

/* Begin PBXNativeTarget section */
		7729A2F324F354C600388FEE /* DAO Demo */ = {
			isa = PBXNativeTarget;
			buildConfigurationList = 7729A30824F354C700388FEE /* Build configuration list for PBXNativeTarget "DAO Demo" */;
			buildPhases = (
				5679B1074DCC7D80C7B5C68D /* [CP] Check Pods Manifest.lock */,
				7729A2F024F354C600388FEE /* Sources */,
				7729A2F124F354C600388FEE /* Frameworks */,
				7729A2F224F354C600388FEE /* Resources */,
				1542C40774A4B29890189CF5 /* [CP] Embed Pods Frameworks */,
			);
			buildRules = (
			);
			dependencies = (
			);
			name = "DAO Demo";
			productName = "DAO Demo";
			productReference = 7729A2F424F354C600388FEE /* DAO Demo.app */;
			productType = "com.apple.product-type.application";
		};
/* End PBXNativeTarget section */

/* Begin PBXProject section */
		7729A2EC24F354C600388FEE /* Project object */ = {
			isa = PBXProject;
			attributes = {
				LastSwiftUpdateCheck = 1130;
				LastUpgradeCheck = 1130;
				ORGANIZATIONNAME = Ezreal;
				TargetAttributes = {
					7729A2F324F354C600388FEE = {
						CreatedOnToolsVersion = 11.3;
					};
				};
			};
			buildConfigurationList = 7729A2EF24F354C600388FEE /* Build configuration list for PBXProject "DAO Demo" */;
			compatibilityVersion = "Xcode 9.3";
			developmentRegion = en;
			hasScannedForEncodings = 0;
			knownRegions = (
				en,
				Base,
			);
			mainGroup = 7729A2EB24F354C600388FEE;
			productRefGroup = 7729A2F524F354C600388FEE /* Products */;
			projectDirPath = "";
			projectRoot = "";
			targets = (
				7729A2F324F354C600388FEE /* DAO Demo */,
			);
		};
/* End PBXProject section */

/* Begin PBXResourcesBuildPhase section */
		7729A2F224F354C600388FEE /* Resources */ = {
			isa = PBXResourcesBuildPhase;
			buildActionMask = 2147483647;
			files = (
				7729A30424F354C700388FEE /* LaunchScreen.storyboard in Resources */,
				7729A30124F354C700388FEE /* Assets.xcassets in Resources */,
				7729A2FF24F354C600388FEE /* Main.storyboard in Resources */,
			);
			runOnlyForDeploymentPostprocessing = 0;
		};
/* End PBXResourcesBuildPhase section */

/* Begin PBXShellScriptBuildPhase section */
		1542C40774A4B29890189CF5 /* [CP] Embed Pods Frameworks */ = {
			isa = PBXShellScriptBuildPhase;
			buildActionMask = 2147483647;
			files = (
			);
			inputFileListPaths = (
				"${PODS_ROOT}/Target Support Files/Pods-DAO Demo/Pods-DAO Demo-frameworks-${CONFIGURATION}-input-files.xcfilelist",
			);
			name = "[CP] Embed Pods Frameworks";
			outputFileListPaths = (
				"${PODS_ROOT}/Target Support Files/Pods-DAO Demo/Pods-DAO Demo-frameworks-${CONFIGURATION}-output-files.xcfilelist",
			);
			runOnlyForDeploymentPostprocessing = 0;
			shellPath = /bin/sh;
			shellScript = "\"${PODS_ROOT}/Target Support Files/Pods-DAO Demo/Pods-DAO Demo-frameworks.sh\"\n";
			showEnvVarsInLog = 0;
		};
		5679B1074DCC7D80C7B5C68D /* [CP] Check Pods Manifest.lock */ = {
			isa = PBXShellScriptBuildPhase;
			buildActionMask = 2147483647;
			files = (
			);
			inputFileListPaths = (
			);
			inputPaths = (
				"${PODS_PODFILE_DIR_PATH}/Podfile.lock",
				"${PODS_ROOT}/Manifest.lock",
			);
			name = "[CP] Check Pods Manifest.lock";
			outputFileListPaths = (
			);
			outputPaths = (
				"$(DERIVED_FILE_DIR)/Pods-DAO Demo-checkManifestLockResult.txt",
			);
			runOnlyForDeploymentPostprocessing = 0;
			shellPath = /bin/sh;
			shellScript = "diff \"${PODS_PODFILE_DIR_PATH}/Podfile.lock\" \"${PODS_ROOT}/Manifest.lock\" > /dev/null\nif [ $? != 0 ] ; then\n    # print error to STDERR\n    echo \"error: The sandbox is not in sync with the Podfile.lock. Run 'pod install' or update your CocoaPods installation.\" >&2\n    exit 1\nfi\n# This output is used by Xcode 'outputs' to avoid re-running this script phase.\necho \"SUCCESS\" > \"${SCRIPT_OUTPUT_FILE_0}\"\n";
			showEnvVarsInLog = 0;
		};
/* End PBXShellScriptBuildPhase section */

/* Begin PBXSourcesBuildPhase section */
		7729A2F024F354C600388FEE /* Sources */ = {
			isa = PBXSourcesBuildPhase;
			buildActionMask = 2147483647;
			files = (
				7729A30E24F3564800388FEE /* DAO.swift in Sources */,
				7729A2FC24F354C600388FEE /* ViewController.swift in Sources */,
				7729A2F824F354C600388FEE /* AppDelegate.swift in Sources */,
			);
			runOnlyForDeploymentPostprocessing = 0;
		};
/* End PBXSourcesBuildPhase section */

/* Begin PBXVariantGroup section */
		7729A2FD24F354C600388FEE /* Main.storyboard */ = {
			isa = PBXVariantGroup;
			children = (
				7729A2FE24F354C600388FEE /* Base */,
			);
			name = Main.storyboard;
			sourceTree = "<group>";
		};
		7729A30224F354C700388FEE /* LaunchScreen.storyboard */ = {
			isa = PBXVariantGroup;
			children = (
				7729A30324F354C700388FEE /* Base */,
			);
			name = LaunchScreen.storyboard;
			sourceTree = "<group>";
		};
/* End PBXVariantGroup section */

/* Begin XCBuildConfiguration section */
		7729A30624F354C700388FEE /* Debug */ = {
			isa = XCBuildConfiguration;
			buildSettings = {
				ALWAYS_SEARCH_USER_PATHS = NO;
				CLANG_ANALYZER_NONNULL = YES;
				CLANG_ANALYZER_NUMBER_OBJECT_CONVERSION = YES_AGGRESSIVE;
				CLANG_CXX_LANGUAGE_STANDARD = "gnu++14";
				CLANG_CXX_LIBRARY = "libc++";
				CLANG_ENABLE_MODULES = YES;
				CLANG_ENABLE_OBJC_ARC = YES;
				CLANG_ENABLE_OBJC_WEAK = YES;
				CLANG_WARN_BLOCK_CAPTURE_AUTORELEASING = YES;
				CLANG_WARN_BOOL_CONVERSION = YES;
				CLANG_WARN_COMMA = YES;
				CLANG_WARN_CONSTANT_CONVERSION = YES;
				CLANG_WARN_DEPRECATED_OBJC_IMPLEMENTATIONS = YES;
				CLANG_WARN_DIRECT_OBJC_ISA_USAGE = YES_ERROR;
				CLANG_WARN_DOCUMENTATION_COMMENTS = YES;
				CLANG_WARN_EMPTY_BODY = YES;
				CLANG_WARN_ENUM_CONVERSION = YES;
				CLANG_WARN_INFINITE_RECURSION = YES;
				CLANG_WARN_INT_CONVERSION = YES;
				CLANG_WARN_NON_LITERAL_NULL_CONVERSION = YES;
				CLANG_WARN_OBJC_IMPLICIT_RETAIN_SELF = YES;
				CLANG_WARN_OBJC_LITERAL_CONVERSION = YES;
				CLANG_WARN_OBJC_ROOT_CLASS = YES_ERROR;
				CLANG_WARN_RANGE_LOOP_ANALYSIS = YES;
				CLANG_WARN_STRICT_PROTOTYPES = YES;
				CLANG_WARN_SUSPICIOUS_MOVE = YES;
				CLANG_WARN_UNGUARDED_AVAILABILITY = YES_AGGRESSIVE;
				CLANG_WARN_UNREACHABLE_CODE = YES;
				CLANG_WARN__DUPLICATE_METHOD_MATCH = YES;
				COPY_PHASE_STRIP = NO;
				DEBUG_INFORMATION_FORMAT = dwarf;
				ENABLE_STRICT_OBJC_MSGSEND = YES;
				ENABLE_TESTABILITY = YES;
				GCC_C_LANGUAGE_STANDARD = gnu11;
				GCC_DYNAMIC_NO_PIC = NO;
				GCC_NO_COMMON_BLOCKS = YES;
				GCC_OPTIMIZATION_LEVEL = 0;
				GCC_PREPROCESSOR_DEFINITIONS = (
					"DEBUG=1",
					"$(inherited)",
				);
				GCC_WARN_64_TO_32_BIT_CONVERSION = YES;
				GCC_WARN_ABOUT_RETURN_TYPE = YES_ERROR;
				GCC_WARN_UNDECLARED_SELECTOR = YES;
				GCC_WARN_UNINITIALIZED_AUTOS = YES_AGGRESSIVE;
				GCC_WARN_UNUSED_FUNCTION = YES;
				GCC_WARN_UNUSED_VARIABLE = YES;
				IPHONEOS_DEPLOYMENT_TARGET = 13.2;
				MTL_ENABLE_DEBUG_INFO = INCLUDE_SOURCE;
				MTL_FAST_MATH = YES;
				ONLY_ACTIVE_ARCH = YES;
				SDKROOT = iphoneos;
				SWIFT_ACTIVE_COMPILATION_CONDITIONS = DEBUG;
				SWIFT_OPTIMIZATION_LEVEL = "-Onone";
			};
			name = Debug;
		};
		7729A30724F354C700388FEE /* Release */ = {
			isa = XCBuildConfiguration;
			buildSettings = {
				ALWAYS_SEARCH_USER_PATHS = NO;
				CLANG_ANALYZER_NONNULL = YES;
				CLANG_ANALYZER_NUMBER_OBJECT_CONVERSION = YES_AGGRESSIVE;
				CLANG_CXX_LANGUAGE_STANDARD = "gnu++14";
				CLANG_CXX_LIBRARY = "libc++";
				CLANG_ENABLE_MODULES = YES;
				CLANG_ENABLE_OBJC_ARC = YES;
				CLANG_ENABLE_OBJC_WEAK = YES;
				CLANG_WARN_BLOCK_CAPTURE_AUTORELEASING = YES;
				CLANG_WARN_BOOL_CONVERSION = YES;
				CLANG_WARN_COMMA = YES;
				CLANG_WARN_CONSTANT_CONVERSION = YES;
				CLANG_WARN_DEPRECATED_OBJC_IMPLEMENTATIONS = YES;
				CLANG_WARN_DIRECT_OBJC_ISA_USAGE = YES_ERROR;
				CLANG_WARN_DOCUMENTATION_COMMENTS = YES;
				CLANG_WARN_EMPTY_BODY = YES;
				CLANG_WARN_ENUM_CONVERSION = YES;
				CLANG_WARN_INFINITE_RECURSION = YES;
				CLANG_WARN_INT_CONVERSION = YES;
				CLANG_WARN_NON_LITERAL_NULL_CONVERSION = YES;
				CLANG_WARN_OBJC_IMPLICIT_RETAIN_SELF = YES;
				CLANG_WARN_OBJC_LITERAL_CONVERSION = YES;
				CLANG_WARN_OBJC_ROOT_CLASS = YES_ERROR;
				CLANG_WARN_RANGE_LOOP_ANALYSIS = YES;
				CLANG_WARN_STRICT_PROTOTYPES = YES;
				CLANG_WARN_SUSPICIOUS_MOVE = YES;
				CLANG_WARN_UNGUARDED_AVAILABILITY = YES_AGGRESSIVE;
				CLANG_WARN_UNREACHABLE_CODE = YES;
				CLANG_WARN__DUPLICATE_METHOD_MATCH = YES;
				COPY_PHASE_STRIP = NO;
				DEBUG_INFORMATION_FORMAT = "dwarf-with-dsym";
				ENABLE_NS_ASSERTIONS = NO;
				ENABLE_STRICT_OBJC_MSGSEND = YES;
				GCC_C_LANGUAGE_STANDARD = gnu11;
				GCC_NO_COMMON_BLOCKS = YES;
				GCC_WARN_64_TO_32_BIT_CONVERSION = YES;
				GCC_WARN_ABOUT_RETURN_TYPE = YES_ERROR;
				GCC_WARN_UNDECLARED_SELECTOR = YES;
				GCC_WARN_UNINITIALIZED_AUTOS = YES_AGGRESSIVE;
				GCC_WARN_UNUSED_FUNCTION = YES;
				GCC_WARN_UNUSED_VARIABLE = YES;
				IPHONEOS_DEPLOYMENT_TARGET = 13.2;
				MTL_ENABLE_DEBUG_INFO = NO;
				MTL_FAST_MATH = YES;
				SDKROOT = iphoneos;
				SWIFT_COMPILATION_MODE = wholemodule;
				SWIFT_OPTIMIZATION_LEVEL = "-O";
				VALIDATE_PRODUCT = YES;
			};
			name = Release;
		};
		7729A30924F354C700388FEE /* Debug */ = {
			isa = XCBuildConfiguration;
			baseConfigurationReference = 91BF88C55A4C7B03BF501F7E /* Pods-DAO Demo.debug.xcconfig */;
			buildSettings = {
				ASSETCATALOG_COMPILER_APPICON_NAME = AppIcon;
				CODE_SIGN_STYLE = Automatic;
				INFOPLIST_FILE = "DAO Demo/Info.plist";
				IPHONEOS_DEPLOYMENT_TARGET = 10.0;
				LD_RUNPATH_SEARCH_PATHS = (
					"$(inherited)",
					"@executable_path/Frameworks",
				);
				PRODUCT_BUNDLE_IDENTIFIER = "EZ.DAO-Demo";
				PRODUCT_NAME = "$(TARGET_NAME)";
				SWIFT_VERSION = 5.0;
				TARGETED_DEVICE_FAMILY = "1,2";
			};
			name = Debug;
		};
		7729A30A24F354C700388FEE /* Release */ = {
			isa = XCBuildConfiguration;
			baseConfigurationReference = 1B0BE29AE1599305377EEA05 /* Pods-DAO Demo.release.xcconfig */;
			buildSettings = {
				ASSETCATALOG_COMPILER_APPICON_NAME = AppIcon;
				CODE_SIGN_STYLE = Automatic;
				INFOPLIST_FILE = "DAO Demo/Info.plist";
				IPHONEOS_DEPLOYMENT_TARGET = 10.0;
				LD_RUNPATH_SEARCH_PATHS = (
					"$(inherited)",
					"@executable_path/Frameworks",
				);
				PRODUCT_BUNDLE_IDENTIFIER = "EZ.DAO-Demo";
				PRODUCT_NAME = "$(TARGET_NAME)";
				SWIFT_VERSION = 5.0;
				TARGETED_DEVICE_FAMILY = "1,2";
			};
			name = Release;
		};
/* End XCBuildConfiguration section */

/* Begin XCConfigurationList section */
		7729A2EF24F354C600388FEE /* Build configuration list for PBXProject "DAO Demo" */ = {
			isa = XCConfigurationList;
			buildConfigurations = (
				7729A30624F354C700388FEE /* Debug */,
				7729A30724F354C700388FEE /* Release */,
			);
			defaultConfigurationIsVisible = 0;
			defaultConfigurationName = Release;
		};
		7729A30824F354C700388FEE /* Build configuration list for PBXNativeTarget "DAO Demo" */ = {
			isa = XCConfigurationList;
			buildConfigurations = (
				7729A30924F354C700388FEE /* Debug */,
				7729A30A24F354C700388FEE /* Release */,
			);
			defaultConfigurationIsVisible = 0;
			defaultConfigurationName = Release;
		};
/* End XCConfigurationList section */
	};
	rootObject = 7729A2EC24F354C600388FEE /* Project object */;
}
